
Microsoft Visual Studio Solution File, Format Version 12.00
# Visual Studio 15
VisualStudioVersion = 15.0.27130.2027
MinimumVisualStudioVersion = 10.0.40219.1
Project("{FAE04EC0-301F-11D3-BF4B-00C04F79EFBC}") = "Kevsoft.Hangman", "src\Kevsoft.Hangman\Kevsoft.Hangman.csproj", "{98F16EE7-51A9-4B1B-9C2D-789D09F84EAF}"
EndProject
Global
	GlobalSection(SolutionConfigurationPlatforms) = preSolution
		Debug|Any CPU = Debug|Any CPU
		Release|Any CPU = Release|Any CPU
	EndGlobalSection
	GlobalSection(ProjectConfigurationPlatforms) = postSolution
		{98F16EE7-51A9-4B1B-9C2D-789D09F84EAF}.Debug|Any CPU.ActiveCfg = Debug|Any CPU
		{98F16EE7-51A9-4B1B-9C2D-789D09F84EAF}.Debug|Any CPU.Build.0 = Debug|Any CPU
		{98F16EE7-51A9-4B1B-9C2D-789D09F84EAF}.Release|Any CPU.ActiveCfg = Release|Any CPU
		{98F16EE7-51A9-4B1B-9C2D-789D09F84EAF}.Release|Any CPU.Build.0 = Release|Any CPU
	EndGlobalSection
	GlobalSection(SolutionProperties) = preSolution
		HideSolutionNode = FALSE
	EndGlobalSection
	GlobalSection(ExtensibilityGlobals) = postSolution
		SolutionGuid = {669FDA1A-680F-423B-9A73-E4D96DA63830}
	EndGlobalSection
EndGlobal
